// !$*UTF8*$!
{
	archiveVersion = 1;
	classes = {
	};
	objectVersion = 50;
	objects = {

/* Begin PBXBuildFile section */
		9B5B544B23CE0D8700AF32AA /* tableCell.swift in Sources */ = {isa = PBXBuildFile; fileRef = 9B5B544A23CE0D8700AF32AA /* tableCell.swift */; };
		9B69C8BC23CCA830005DF372 /* AppDelegate.swift in Sources */ = {isa = PBXBuildFile; fileRef = 9B69C8BB23CCA830005DF372 /* AppDelegate.swift */; };
		9B69C8BE23CCA830005DF372 /* SceneDelegate.swift in Sources */ = {isa = PBXBuildFile; fileRef = 9B69C8BD23CCA830005DF372 /* SceneDelegate.swift */; };
		9B69C8C023CCA830005DF372 /* ViewController.swift in Sources */ = {isa = PBXBuildFile; fileRef = 9B69C8BF23CCA830005DF372 /* ViewController.swift */; };
		9B69C8C323CCA830005DF372 /* Main.storyboard in Resources */ = {isa = PBXBuildFile; fileRef = 9B69C8C123CCA830005DF372 /* Main.storyboard */; };
		9B69C8C623CCA830005DF372 /* Labtest1.xcdatamodeld in Sources */ = {isa = PBXBuildFile; fileRef = 9B69C8C423CCA830005DF372 /* Labtest1.xcdatamodeld */; };
		9B69C8C823CCA831005DF372 /* Assets.xcassets in Resources */ = {isa = PBXBuildFile; fileRef = 9B69C8C723CCA831005DF372 /* Assets.xcassets */; };
		9B69C8CB23CCA831005DF372 /* LaunchScreen.storyboard in Resources */ = {isa = PBXBuildFile; fileRef = 9B69C8C923CCA831005DF372 /* LaunchScreen.storyboard */; };
		9B69C8D423CCBD48005DF372 /* Data+CoreDataClass.swift in Sources */ = {isa = PBXBuildFile; fileRef = 9B69C8D223CCBD48005DF372 /* Data+CoreDataClass.swift */; };
		9B69C8D523CCBD48005DF372 /* Data+CoreDataProperties.swift in Sources */ = {isa = PBXBuildFile; fileRef = 9B69C8D323CCBD48005DF372 /* Data+CoreDataProperties.swift */; };
		9B69C8DD23CCC79D005DF372 /* addItem.swift in Sources */ = {isa = PBXBuildFile; fileRef = 9B69C8DC23CCC79D005DF372 /* addItem.swift */; };
/* End PBXBuildFile section */

/* Begin PBXFileReference section */
		9B5B544A23CE0D8700AF32AA /* tableCell.swift */ = {isa = PBXFileReference; lastKnownFileType = sourcecode.swift; path = tableCell.swift; sourceTree = "<group>"; };
		9B69C8B823CCA830005DF372 /* Labtest1.app */ = {isa = PBXFileReference; explicitFileType = wrapper.application; includeInIndex = 0; path = Labtest1.app; sourceTree = BUILT_PRODUCTS_DIR; };
		9B69C8BB23CCA830005DF372 /* AppDelegate.swift */ = {isa = PBXFileReference; lastKnownFileType = sourcecode.swift; path = AppDelegate.swift; sourceTree = "<group>"; };
		9B69C8BD23CCA830005DF372 /* SceneDelegate.swift */ = {isa = PBXFileReference; lastKnownFileType = sourcecode.swift; path = SceneDelegate.swift; sourceTree = "<group>"; };
		9B69C8BF23CCA830005DF372 /* ViewController.swift */ = {isa = PBXFileReference; lastKnownFileType = sourcecode.swift; path = ViewController.swift; sourceTree = "<group>"; };
		9B69C8C223CCA830005DF372 /* Base */ = {isa = PBXFileReference; lastKnownFileType = file.storyboard; name = Base; path = Base.lproj/Main.storyboard; sourceTree = "<group>"; };
		9B69C8C523CCA830005DF372 /* Labtest1.xcdatamodel */ = {isa = PBXFileReference; lastKnownFileType = wrapper.xcdatamodel; path = Labtest1.xcdatamodel; sourceTree = "<group>"; };
		9B69C8C723CCA831005DF372 /* Assets.xcassets */ = {isa = PBXFileReference; lastKnownFileType = folder.assetcatalog; path = Assets.xcassets; sourceTree = "<group>"; };
		9B69C8CA23CCA831005DF372 /* Base */ = {isa = PBXFileReference; lastKnownFileType = file.storyboard; name = Base; path = Base.lproj/LaunchScreen.storyboard; sourceTree = "<group>"; };
		9B69C8CC23CCA831005DF372 /* Info.plist */ = {isa = PBXFileReference; lastKnownFileType = text.plist.xml; path = Info.plist; sourceTree = "<group>"; };
		9B69C8D223CCBD48005DF372 /* Data+CoreDataClass.swift */ = {isa = PBXFileReference; lastKnownFileType = sourcecode.swift; name = "Data+CoreDataClass.swift"; path = "Labtest1/Data+CoreDataClass.swift"; sourceTree = "<group>"; };
		9B69C8D323CCBD48005DF372 /* Data+CoreDataProperties.swift */ = {isa = PBXFileReference; lastKnownFileType = sourcecode.swift; name = "Data+CoreDataProperties.swift"; path = "Labtest1/Data+CoreDataProperties.swift"; sourceTree = "<group>"; };
		9B69C8DC23CCC79D005DF372 /* addItem.swift */ = {isa = PBXFileReference; lastKnownFileType = sourcecode.swift; path = addItem.swift; sourceTree = "<group>"; };
/* End PBXFileReference section */

/* Begin PBXFrameworksBuildPhase section */
		9B69C8B523CCA830005DF372 /* Frameworks */ = {
			isa = PBXFrameworksBuildPhase;
			buildActionMask = 2147483647;
			files = (
			);
			runOnlyForDeploymentPostprocessing = 0;
		};
/* End PBXFrameworksBuildPhase section */

/* Begin PBXGroup section */
		9B69C8AF23CCA830005DF372 = {
			isa = PBXGroup;
			children = (
				9B69C8D223CCBD48005DF372 /* Data+CoreDataClass.swift */,
				9B69C8D323CCBD48005DF372 /* Data+CoreDataProperties.swift */,
				9B69C8BA23CCA830005DF372 /* Labtest1 */,
				9B69C8B923CCA830005DF372 /* Products */,
			);
			sourceTree = "<group>";
		};
		9B69C8B923CCA830005DF372 /* Products */ = {
			isa = PBXGroup;
			children = (
				9B69C8B823CCA830005DF372 /* Labtest1.app */,
			);
			name = Products;
			sourceTree = "<group>";
		};
		9B69C8BA23CCA830005DF372 /* Labtest1 */ = {
			isa = PBXGroup;
			children = (
				9B69C8BB23CCA830005DF372 /* AppDelegate.swift */,
				9B69C8BD23CCA830005DF372 /* SceneDelegate.swift */,
				9B69C8BF23CCA830005DF372 /* ViewController.swift */,
				9B69C8C123CCA830005DF372 /* Main.storyboard */,
				9B69C8C723CCA831005DF372 /* Assets.xcassets */,
				9B69C8C923CCA831005DF372 /* LaunchScreen.storyboard */,
				9B69C8CC23CCA831005DF372 /* Info.plist */,
				9B69C8C423CCA830005DF372 /* Labtest1.xcdatamodeld */,
				9B69C8DC23CCC79D005DF372 /* addItem.swift */,
				9B5B544A23CE0D8700AF32AA /* tableCell.swift */,
			);
			path = Labtest1;
			sourceTree = "<group>";
		};
/* End PBXGroup section */

/* Begin PBXNativeTarget section */
		9B69C8B723CCA830005DF372 /* Labtest1 */ = {
			isa = PBXNativeTarget;
			buildConfigurationList = 9B69C8CF23CCA831005DF372 /* Build configuration list for PBXNativeTarget "Labtest1" */;
			buildPhases = (
				9B69C8B423CCA830005DF372 /* Sources */,
				9B69C8B523CCA830005DF372 /* Frameworks */,
				9B69C8B623CCA830005DF372 /* Resources */,
			);
			buildRules = (
			);
			dependencies = (
			);
			name = Labtest1;
			productName = Labtest1;
			productReference = 9B69C8B823CCA830005DF372 /* Labtest1.app */;
			productType = "com.apple.product-type.application";
		};
/* End PBXNativeTarget section */

/* Begin PBXProject section */
		9B69C8B023CCA830005DF372 /* Project object */ = {
			isa = PBXProject;
			attributes = {
				LastSwiftUpdateCheck = 1130;
				LastUpgradeCheck = 1130;
				ORGANIZATIONNAME = MacStudent;
				TargetAttributes = {
					9B69C8B723CCA830005DF372 = {
						CreatedOnToolsVersion = 11.3;
					};
				};
			};
			buildConfigurationList = 9B69C8B323CCA830005DF372 /* Build configuration list for PBXProject "Labtest1" */;
			compatibilityVersion = "Xcode 9.3";
			developmentRegion = en;
			hasScannedForEncodings = 0;
			knownRegions = (
				en,
				Base,
			);
			mainGroup = 9B69C8AF23CCA830005DF372;
			productRefGroup = 9B69C8B923CCA830005DF372 /* Products */;
			projectDirPath = "";
			projectRoot = "";
			targets = (
				9B69C8B723CCA830005DF372 /* Labtest1 */,
			);
		};
/* End PBXProject section */

/* Begin PBXResourcesBuildPhase section */
		9B69C8B623CCA830005DF372 /* Resources */ = {
			isa = PBXResourcesBuildPhase;
			buildActionMask = 2147483647;
			files = (
				9B69C8CB23CCA831005DF372 /* LaunchScreen.storyboard in Resources */,
				9B69C8C823CCA831005DF372 /* Assets.xcassets in Resources */,
				9B69C8C323CCA830005DF372 /* Main.storyboard in Resources */,
			);
			runOnlyForDeploymentPostprocessing = 0;
		};
/* End PBXResourcesBuildPhase section */

/* Begin PBXSourcesBuildPhase section */
		9B69C8B423CCA830005DF372 /* Sources */ = {
			isa = PBXSourcesBuildPhase;
			buildActionMask = 2147483647;
			files = (
				9B69C8D423CCBD48005DF372 /* Data+CoreDataClass.swift in Sources */,
				9B69C8C023CCA830005DF372 /* ViewController.swift in Sources */,
				9B5B544B23CE0D8700AF32AA /* tableCell.swift in Sources */,
				9B69C8C623CCA830005DF372 /* Labtest1.xcdatamodeld in Sources */,
				9B69C8BC23CCA830005DF372 /* AppDelegate.swift in Sources */,
				9B69C8BE23CCA830005DF372 /* SceneDelegate.swift in Sources */,
				9B69C8DD23CCC79D005DF372 /* addItem.swift in Sources */,
				9B69C8D523CCBD48005DF372 /* Data+CoreDataProperties.swift in Sources */,
			);
			runOnlyForDeploymentPostprocessing = 0;
		};
/* End PBXSourcesBuildPhase section */

/* Begin PBXVariantGroup section */
		9B69C8C123CCA830005DF372 /* Main.storyboard */ = {
			isa = PBXVariantGroup;
			children = (
				9B69C8C223CCA830005DF372 /* Base */,
			);
			name = Main.storyboard;
			sourceTree = "<group>";
		};
		9B69C8C923CCA831005DF372 /* LaunchScreen.storyboard */ = {
			isa = PBXVariantGroup;
			children = (
				9B69C8CA23CCA831005DF372 /* Base */,
			);
			name = LaunchScreen.storyboard;
			sourceTree = "<group>";
		};
/* End PBXVariantGroup section */

/* Begin XCBuildConfiguration section */
		9B69C8CD23CCA831005DF372 /* Debug */ = {
			isa = XCBuildConfiguration;
			buildSettings = {
				ALWAYS_SEARCH_USER_PATHS = NO;
				CLANG_ANALYZER_NONNULL = YES;
				CLANG_ANALYZER_NUMBER_OBJECT_CONVERSION = YES_AGGRESSIVE;
				CLANG_CXX_LANGUAGE_STANDARD = "gnu++14";
				CLANG_CXX_LIBRARY = "libc++";
				CLANG_ENABLE_MODULES = YES;
				CLANG_ENABLE_OBJC_ARC = YES;
				CLANG_ENABLE_OBJC_WEAK = YES;
				CLANG_WARN_BLOCK_CAPTURE_AUTORELEASING = YES;
				CLANG_WARN_BOOL_CONVERSION = YES;
				CLANG_WARN_COMMA = YES;
				CLANG_WARN_CONSTANT_CONVERSION = YES;
				CLANG_WARN_DEPRECATED_OBJC_IMPLEMENTATIONS = YES;
				CLANG_WARN_DIRECT_OBJC_ISA_USAGE = YES_ERROR;
				CLANG_WARN_DOCUMENTATION_COMMENTS = YES;
				CLANG_WARN_EMPTY_BODY = YES;
				CLANG_WARN_ENUM_CONVERSION = YES;
				CLANG_WARN_INFINITE_RECURSION = YES;
				CLANG_WARN_INT_CONVERSION = YES;
				CLANG_WARN_NON_LITERAL_NULL_CONVERSION = YES;
				CLANG_WARN_OBJC_IMPLICIT_RETAIN_SELF = YES;
				CLANG_WARN_OBJC_LITERAL_CONVERSION = YES;
				CLANG_WARN_OBJC_ROOT_CLASS = YES_ERROR;
				CLANG_WARN_RANGE_LOOP_ANALYSIS = YES;
				CLANG_WARN_STRICT_PROTOTYPES = YES;
				CLANG_WARN_SUSPICIOUS_MOVE = YES;
				CLANG_WARN_UNGUARDED_AVAILABILITY = YES_AGGRESSIVE;
				CLANG_WARN_UNREACHABLE_CODE = YES;
				CLANG_WARN__DUPLICATE_METHOD_MATCH = YES;
				COPY_PHASE_STRIP = NO;
				DEBUG_INFORMATION_FORMAT = dwarf;
				ENABLE_STRICT_OBJC_MSGSEND = YES;
				ENABLE_TESTABILITY = YES;
				GCC_C_LANGUAGE_STANDARD = gnu11;
				GCC_DYNAMIC_NO_PIC = NO;
				GCC_NO_COMMON_BLOCKS = YES;
				GCC_OPTIMIZATION_LEVEL = 0;
				GCC_PREPROCESSOR_DEFINITIONS = (
					"DEBUG=1",
					"$(inherited)",
				);
				GCC_WARN_64_TO_32_BIT_CONVERSION = YES;
				GCC_WARN_ABOUT_RETURN_TYPE = YES_ERROR;
				GCC_WARN_UNDECLARED_SELECTOR = YES;
				GCC_WARN_UNINITIALIZED_AUTOS = YES_AGGRESSIVE;
				GCC_WARN_UNUSED_FUNCTION = YES;
				GCC_WARN_UNUSED_VARIABLE = YES;
				IPHONEOS_DEPLOYMENT_TARGET = 13.2;
				MTL_ENABLE_DEBUG_INFO = INCLUDE_SOURCE;
				MTL_FAST_MATH = YES;
				ONLY_ACTIVE_ARCH = YES;
				SDKROOT = iphoneos;
				SWIFT_ACTIVE_COMPILATION_CONDITIONS = DEBUG;
				SWIFT_OPTIMIZATION_LEVEL = "-Onone";
			};
			name = Debug;
		};
		9B69C8CE23CCA831005DF372 /* Release */ = {
			isa = XCBuildConfiguration;
			buildSettings = {
				ALWAYS_SEARCH_USER_PATHS = NO;
				CLANG_ANALYZER_NONNULL = YES;
				CLANG_ANALYZER_NUMBER_OBJECT_CONVERSION = YES_AGGRESSIVE;
				CLANG_CXX_LANGUAGE_STANDARD = "gnu++14";
				CLANG_CXX_LIBRARY = "libc++";
				CLANG_ENABLE_MODULES = YES;
				CLANG_ENABLE_OBJC_ARC = YES;
				CLANG_ENABLE_OBJC_WEAK = YES;
				CLANG_WARN_BLOCK_CAPTURE_AUTORELEASING = YES;
				CLANG_WARN_BOOL_CONVERSION = YES;
				CLANG_WARN_COMMA = YES;
				CLANG_WARN_CONSTANT_CONVERSION = YES;
				CLANG_WARN_DEPRECATED_OBJC_IMPLEMENTATIONS = YES;
				CLANG_WARN_DIRECT_OBJC_ISA_USAGE = YES_ERROR;
				CLANG_WARN_DOCUMENTATION_COMMENTS = YES;
				CLANG_WARN_EMPTY_BODY = YES;
				CLANG_WARN_ENUM_CONVERSION = YES;
				CLANG_WARN_INFINITE_RECURSION = YES;
				CLANG_WARN_INT_CONVERSION = YES;
				CLANG_WARN_NON_LITERAL_NULL_CONVERSION = YES;
				CLANG_WARN_OBJC_IMPLICIT_RETAIN_SELF = YES;
				CLANG_WARN_OBJC_LITERAL_CONVERSION = YES;
				CLANG_WARN_OBJC_ROOT_CLASS = YES_ERROR;
				CLANG_WARN_RANGE_LOOP_ANALYSIS = YES;
				CLANG_WARN_STRICT_PROTOTYPES = YES;
				CLANG_WARN_SUSPICIOUS_MOVE = YES;
				CLANG_WARN_UNGUARDED_AVAILABILITY = YES_AGGRESSIVE;
				CLANG_WARN_UNREACHABLE_CODE = YES;
				CLANG_WARN__DUPLICATE_METHOD_MATCH = YES;
				COPY_PHASE_STRIP = NO;
				DEBUG_INFORMATION_FORMAT = "dwarf-with-dsym";
				ENABLE_NS_ASSERTIONS = NO;
				ENABLE_STRICT_OBJC_MSGSEND = YES;
				GCC_C_LANGUAGE_STANDARD = gnu11;
				GCC_NO_COMMON_BLOCKS = YES;
				GCC_WARN_64_TO_32_BIT_CONVERSION = YES;
				GCC_WARN_ABOUT_RETURN_TYPE = YES_ERROR;
				GCC_WARN_UNDECLARED_SELECTOR = YES;
				GCC_WARN_UNINITIALIZED_AUTOS = YES_AGGRESSIVE;
				GCC_WARN_UNUSED_FUNCTION = YES;
				GCC_WARN_UNUSED_VARIABLE = YES;
				IPHONEOS_DEPLOYMENT_TARGET = 13.2;
				MTL_ENABLE_DEBUG_INFO = NO;
				MTL_FAST_MATH = YES;
				SDKROOT = iphoneos;
				SWIFT_COMPILATION_MODE = wholemodule;
				SWIFT_OPTIMIZATION_LEVEL = "-O";
				VALIDATE_PRODUCT = YES;
			};
			name = Release;
		};
		9B69C8D023CCA831005DF372 /* Debug */ = {
			isa = XCBuildConfiguration;
			buildSettings = {
				ASSETCATALOG_COMPILER_APPICON_NAME = AppIcon;
				CODE_SIGN_STYLE = Automatic;
				INFOPLIST_FILE = Labtest1/Info.plist;
				LD_RUNPATH_SEARCH_PATHS = (
					"$(inherited)",
					"@executable_path/Frameworks",
				);
				PRODUCT_BUNDLE_IDENTIFIER = CestarCollege.Labtest1;
				PRODUCT_NAME = "$(TARGET_NAME)";
				SWIFT_VERSION = 5.0;
				TARGETED_DEVICE_FAMILY = "1,2";
			};
			name = Debug;
		};
		9B69C8D123CCA831005DF372 /* Release */ = {
			isa = XCBuildConfiguration;
			buildSettings = {
				ASSETCATALOG_COMPILER_APPICON_NAME = AppIcon;
				CODE_SIGN_STYLE = Automatic;
				INFOPLIST_FILE = Labtest1/Info.plist;
				LD_RUNPATH_SEARCH_PATHS = (
					"$(inherited)",
					"@executable_path/Frameworks",
				);
				PRODUCT_BUNDLE_IDENTIFIER = CestarCollege.Labtest1;
				PRODUCT_NAME = "$(TARGET_NAME)";
				SWIFT_VERSION = 5.0;
				TARGETED_DEVICE_FAMILY = "1,2";
			};
			name = Release;
		};
/* End XCBuildConfiguration section */

/* Begin XCConfigurationList section */
		9B69C8B323CCA830005DF372 /* Build configuration list for PBXProject "Labtest1" */ = {
			isa = XCConfigurationList;
			buildConfigurations = (
				9B69C8CD23CCA831005DF372 /* Debug */,
				9B69C8CE23CCA831005DF372 /* Release */,
			);
			defaultConfigurationIsVisible = 0;
			defaultConfigurationName = Release;
		};
		9B69C8CF23CCA831005DF372 /* Build configuration list for PBXNativeTarget "Labtest1" */ = {
			isa = XCConfigurationList;
			buildConfigurations = (
				9B69C8D023CCA831005DF372 /* Debug */,
				9B69C8D123CCA831005DF372 /* Release */,
			);
			defaultConfigurationIsVisible = 0;
			defaultConfigurationName = Release;
		};
/* End XCConfigurationList section */

/* Begin XCVersionGroup section */
		9B69C8C423CCA830005DF372 /* Labtest1.xcdatamodeld */ = {
			isa = XCVersionGroup;
			children = (
				9B69C8C523CCA830005DF372 /* Labtest1.xcdatamodel */,
			);
			currentVersion = 9B69C8C523CCA830005DF372 /* Labtest1.xcdatamodel */;
			path = Labtest1.xcdatamodeld;
			sourceTree = "<group>";
			versionGroupType = wrapper.xcdatamodel;
		};
/* End XCVersionGroup section */
	};
	rootObject = 9B69C8B023CCA830005DF372 /* Project object */;
}
